
Microsoft Visual Studio Solution File, Format Version 12.00
# Visual Studio Version 17
VisualStudioVersion = 17.9.34616.47
MinimumVisualStudioVersion = 10.0.40219.1
Project("{FAE04EC0-301F-11D3-BF4B-00C04F79EFBC}") = "BigOhNotation", "BigOhNotation.csproj", "{7C264DEB-B09E-4361-85D1-407ACF209051}"
EndProject
Global
	GlobalSection(SolutionConfigurationPlatforms) = preSolution
		Debug|Any CPU = Debug|Any CPU
		Release|Any CPU = Release|Any CPU
	EndGlobalSection
	GlobalSection(ProjectConfigurationPlatforms) = postSolution
		{7C264DEB-B09E-4361-85D1-407ACF209051}.Debug|Any CPU.ActiveCfg = Debug|Any CPU
		{7C264DEB-B09E-4361-85D1-407ACF209051}.Debug|Any CPU.Build.0 = Debug|Any CPU
		{7C264DEB-B09E-4361-85D1-407ACF209051}.Release|Any CPU.ActiveCfg = Release|Any CPU
		{7C264DEB-B09E-4361-85D1-407ACF209051}.Release|Any CPU.Build.0 = Release|Any CPU
	EndGlobalSection
	GlobalSection(SolutionProperties) = preSolution
		HideSolutionNode = FALSE
	EndGlobalSection
	GlobalSection(ExtensibilityGlobals) = postSolution
		SolutionGuid = {CAF67FDC-57EE-43E6-9DAE-B505E201D3E1}
	EndGlobalSection
EndGlobal
